{
  "name": "worker",
  "version": "1.0.0",
  "lockfileVersion": 3,
  "requires": true,
  "packages": {
    "": {
      "name": "worker",
      "version": "1.0.0",
      "license": "ISC",
      "dependencies": {
        "@prisma/client": "^6.6.0",
        "@solana/kit": "^2.1.0",
        "@types/nodemailer": "^6.4.17",
        "kafkajs": "^2.2.4",
        "nodemailer": "^7.0.2"
      },
      "devDependencies": {
        "prisma": "^6.6.0"
      }
    },
    "node_modules/@esbuild/aix-ppc64": {
      "version": "0.25.3",
      "resolved": "https://registry.npmjs.org/@esbuild/aix-ppc64/-/aix-ppc64-0.25.3.tgz",
      "integrity": "sha512-W8bFfPA8DowP8l//sxjJLSLkD8iEjMc7cBVyP+u4cEv9sM7mdUCkgsj+t0n/BWPFtv7WWCN5Yzj0N6FJNUUqBQ==",
      "cpu": [
        "ppc64"
      ],
      "dev": true,
      "license": "MIT",
      "optional": true,
      "os": [
        "aix"
      ],
      "engines": {
        "node": ">=18"
      }
    },
    "node_modules/@esbuild/android-arm": {
      "version": "0.25.3",
      "resolved": "https://registry.npmjs.org/@esbuild/android-arm/-/android-arm-0.25.3.tgz",
      "integrity": "sha512-PuwVXbnP87Tcff5I9ngV0lmiSu40xw1At6i3GsU77U7cjDDB4s0X2cyFuBiDa1SBk9DnvWwnGvVaGBqoFWPb7A==",
      "cpu": [
        "arm"
      ],
      "dev": true,
      "license": "MIT",
      "optional": true,
      "os": [
        "android"
      ],
      "engines": {
        "node": ">=18"
      }
    },
    "node_modules/@esbuild/android-arm64": {
      "version": "0.25.3",
      "resolved": "https://registry.npmjs.org/@esbuild/android-arm64/-/android-arm64-0.25.3.tgz",
      "integrity": "sha512-XelR6MzjlZuBM4f5z2IQHK6LkK34Cvv6Rj2EntER3lwCBFdg6h2lKbtRjpTTsdEjD/WSe1q8UyPBXP1x3i/wYQ==",
      "cpu": [
        "arm64"
      ],
      "dev": true,
      "license": "MIT",
      "optional": true,
      "os": [
        "android"
      ],
      "engines": {
        "node": ">=18"
      }
    },
    "node_modules/@esbuild/android-x64": {
      "version": "0.25.3",
      "resolved": "https://registry.npmjs.org/@esbuild/android-x64/-/android-x64-0.25.3.tgz",
      "integrity": "sha512-ogtTpYHT/g1GWS/zKM0cc/tIebFjm1F9Aw1boQ2Y0eUQ+J89d0jFY//s9ei9jVIlkYi8AfOjiixcLJSGNSOAdQ==",
      "cpu": [
        "x64"
      ],
      "dev": true,
      "license": "MIT",
      "optional": true,
      "os": [
        "android"
      ],
      "engines": {
        "node": ">=18"
      }
    },
    "node_modules/@esbuild/darwin-arm64": {
      "version": "0.25.3",
      "resolved": "https://registry.npmjs.org/@esbuild/darwin-arm64/-/darwin-arm64-0.25.3.tgz",
      "integrity": "sha512-eESK5yfPNTqpAmDfFWNsOhmIOaQA59tAcF/EfYvo5/QWQCzXn5iUSOnqt3ra3UdzBv073ykTtmeLJZGt3HhA+w==",
      "cpu": [
        "arm64"
      ],
      "dev": true,
      "license": "MIT",
      "optional": true,
      "os": [
        "darwin"
      ],
      "engines": {
        "node": ">=18"
      }
    },
    "node_modules/@esbuild/darwin-x64": {
      "version": "0.25.3",
      "resolved": "https://registry.npmjs.org/@esbuild/darwin-x64/-/darwin-x64-0.25.3.tgz",
      "integrity": "sha512-Kd8glo7sIZtwOLcPbW0yLpKmBNWMANZhrC1r6K++uDR2zyzb6AeOYtI6udbtabmQpFaxJ8uduXMAo1gs5ozz8A==",
      "cpu": [
        "x64"
      ],
      "dev": true,
      "license": "MIT",
      "optional": true,
      "os": [
        "darwin"
      ],
      "engines": {
        "node": ">=18"
      }
    },
    "node_modules/@esbuild/freebsd-arm64": {
      "version": "0.25.3",
      "resolved": "https://registry.npmjs.org/@esbuild/freebsd-arm64/-/freebsd-arm64-0.25.3.tgz",
      "integrity": "sha512-EJiyS70BYybOBpJth3M0KLOus0n+RRMKTYzhYhFeMwp7e/RaajXvP+BWlmEXNk6uk+KAu46j/kaQzr6au+JcIw==",
      "cpu": [
        "arm64"
      ],
      "dev": true,
      "license": "MIT",
      "optional": true,
      "os": [
        "freebsd"
      ],
      "engines": {
        "node": ">=18"
      }
    },
    "node_modules/@esbuild/freebsd-x64": {
      "version": "0.25.3",
      "resolved": "https://registry.npmjs.org/@esbuild/freebsd-x64/-/freebsd-x64-0.25.3.tgz",
      "integrity": "sha512-Q+wSjaLpGxYf7zC0kL0nDlhsfuFkoN+EXrx2KSB33RhinWzejOd6AvgmP5JbkgXKmjhmpfgKZq24pneodYqE8Q==",
      "cpu": [
        "x64"
      ],
      "dev": true,
      "license": "MIT",
      "optional": true,
      "os": [
        "freebsd"
      ],
      "engines": {
        "node": ">=18"
      }
    },
    "node_modules/@esbuild/linux-arm": {
      "version": "0.25.3",
      "resolved": "https://registry.npmjs.org/@esbuild/linux-arm/-/linux-arm-0.25.3.tgz",
      "integrity": "sha512-dUOVmAUzuHy2ZOKIHIKHCm58HKzFqd+puLaS424h6I85GlSDRZIA5ycBixb3mFgM0Jdh+ZOSB6KptX30DD8YOQ==",
      "cpu": [
        "arm"
      ],
      "dev": true,
      "license": "MIT",
      "optional": true,
      "os": [
        "linux"
      ],
      "engines": {
        "node": ">=18"
      }
    },
    "node_modules/@esbuild/linux-arm64": {
      "version": "0.25.3",
      "resolved": "https://registry.npmjs.org/@esbuild/linux-arm64/-/linux-arm64-0.25.3.tgz",
      "integrity": "sha512-xCUgnNYhRD5bb1C1nqrDV1PfkwgbswTTBRbAd8aH5PhYzikdf/ddtsYyMXFfGSsb/6t6QaPSzxtbfAZr9uox4A==",
      "cpu": [
        "arm64"
      ],
      "dev": true,
      "license": "MIT",
      "optional": true,
      "os": [
        "linux"
      ],
      "engines": {
        "node": ">=18"
      }
    },
    "node_modules/@esbuild/linux-ia32": {
      "version": "0.25.3",
      "resolved": "https://registry.npmjs.org/@esbuild/linux-ia32/-/linux-ia32-0.25.3.tgz",
      "integrity": "sha512-yplPOpczHOO4jTYKmuYuANI3WhvIPSVANGcNUeMlxH4twz/TeXuzEP41tGKNGWJjuMhotpGabeFYGAOU2ummBw==",
      "cpu": [
        "ia32"
      ],
      "dev": true,
      "license": "MIT",
      "optional": true,
      "os": [
        "linux"
      ],
      "engines": {
        "node": ">=18"
      }
    },
    "node_modules/@esbuild/linux-loong64": {
      "version": "0.25.3",
      "resolved": "https://registry.npmjs.org/@esbuild/linux-loong64/-/linux-loong64-0.25.3.tgz",
      "integrity": "sha512-P4BLP5/fjyihmXCELRGrLd793q/lBtKMQl8ARGpDxgzgIKJDRJ/u4r1A/HgpBpKpKZelGct2PGI4T+axcedf6g==",
      "cpu": [
        "loong64"
      ],
      "dev": true,
      "license": "MIT",
      "optional": true,
      "os": [
        "linux"
      ],
      "engines": {
        "node": ">=18"
      }
    },
    "node_modules/@esbuild/linux-mips64el": {
      "version": "0.25.3",
      "resolved": "https://registry.npmjs.org/@esbuild/linux-mips64el/-/linux-mips64el-0.25.3.tgz",
      "integrity": "sha512-eRAOV2ODpu6P5divMEMa26RRqb2yUoYsuQQOuFUexUoQndm4MdpXXDBbUoKIc0iPa4aCO7gIhtnYomkn2x+bag==",
      "cpu": [
        "mips64el"
      ],
      "dev": true,
      "license": "MIT",
      "optional": true,
      "os": [
        "linux"
      ],
      "engines": {
        "node": ">=18"
      }
    },
    "node_modules/@esbuild/linux-ppc64": {
      "version": "0.25.3",
      "resolved": "https://registry.npmjs.org/@esbuild/linux-ppc64/-/linux-ppc64-0.25.3.tgz",
      "integrity": "sha512-ZC4jV2p7VbzTlnl8nZKLcBkfzIf4Yad1SJM4ZMKYnJqZFD4rTI+pBG65u8ev4jk3/MPwY9DvGn50wi3uhdaghg==",
      "cpu": [
        "ppc64"
      ],
      "dev": true,
      "license": "MIT",
      "optional": true,
      "os": [
        "linux"
      ],
      "engines": {
        "node": ">=18"
      }
    },
    "node_modules/@esbuild/linux-riscv64": {
      "version": "0.25.3",
      "resolved": "https://registry.npmjs.org/@esbuild/linux-riscv64/-/linux-riscv64-0.25.3.tgz",
      "integrity": "sha512-LDDODcFzNtECTrUUbVCs6j9/bDVqy7DDRsuIXJg6so+mFksgwG7ZVnTruYi5V+z3eE5y+BJZw7VvUadkbfg7QA==",
      "cpu": [
        "riscv64"
      ],
      "dev": true,
      "license": "MIT",
      "optional": true,
      "os": [
        "linux"
      ],
      "engines": {
        "node": ">=18"
      }
    },
    "node_modules/@esbuild/linux-s390x": {
      "version": "0.25.3",
      "resolved": "https://registry.npmjs.org/@esbuild/linux-s390x/-/linux-s390x-0.25.3.tgz",
      "integrity": "sha512-s+w/NOY2k0yC2p9SLen+ymflgcpRkvwwa02fqmAwhBRI3SC12uiS10edHHXlVWwfAagYSY5UpmT/zISXPMW3tQ==",
      "cpu": [
        "s390x"
      ],
      "dev": true,
      "license": "MIT",
      "optional": true,
      "os": [
        "linux"
      ],
      "engines": {
        "node": ">=18"
      }
    },
    "node_modules/@esbuild/linux-x64": {
      "version": "0.25.3",
      "resolved": "https://registry.npmjs.org/@esbuild/linux-x64/-/linux-x64-0.25.3.tgz",
      "integrity": "sha512-nQHDz4pXjSDC6UfOE1Fw9Q8d6GCAd9KdvMZpfVGWSJztYCarRgSDfOVBY5xwhQXseiyxapkiSJi/5/ja8mRFFA==",
      "cpu": [
        "x64"
      ],
      "dev": true,
      "license": "MIT",
      "optional": true,
      "os": [
        "linux"
      ],
      "engines": {
        "node": ">=18"
      }
    },
    "node_modules/@esbuild/netbsd-arm64": {
      "version": "0.25.3",
      "resolved": "https://registry.npmjs.org/@esbuild/netbsd-arm64/-/netbsd-arm64-0.25.3.tgz",
      "integrity": "sha512-1QaLtOWq0mzK6tzzp0jRN3eccmN3hezey7mhLnzC6oNlJoUJz4nym5ZD7mDnS/LZQgkrhEbEiTn515lPeLpgWA==",
      "cpu": [
        "arm64"
      ],
      "dev": true,
      "license": "MIT",
      "optional": true,
      "os": [
        "netbsd"
      ],
      "engines": {
        "node": ">=18"
      }
    },
    "node_modules/@esbuild/netbsd-x64": {
      "version": "0.25.3",
      "resolved": "https://registry.npmjs.org/@esbuild/netbsd-x64/-/netbsd-x64-0.25.3.tgz",
      "integrity": "sha512-i5Hm68HXHdgv8wkrt+10Bc50zM0/eonPb/a/OFVfB6Qvpiirco5gBA5bz7S2SHuU+Y4LWn/zehzNX14Sp4r27g==",
      "cpu": [
        "x64"
      ],
      "dev": true,
      "license": "MIT",
      "optional": true,
      "os": [
        "netbsd"
      ],
      "engines": {
        "node": ">=18"
      }
    },
    "node_modules/@esbuild/openbsd-arm64": {
      "version": "0.25.3",
      "resolved": "https://registry.npmjs.org/@esbuild/openbsd-arm64/-/openbsd-arm64-0.25.3.tgz",
      "integrity": "sha512-zGAVApJEYTbOC6H/3QBr2mq3upG/LBEXr85/pTtKiv2IXcgKV0RT0QA/hSXZqSvLEpXeIxah7LczB4lkiYhTAQ==",
      "cpu": [
        "arm64"
      ],
      "dev": true,
      "license": "MIT",
      "optional": true,
      "os": [
        "openbsd"
      ],
      "engines": {
        "node": ">=18"
      }
    },
    "node_modules/@esbuild/openbsd-x64": {
      "version": "0.25.3",
      "resolved": "https://registry.npmjs.org/@esbuild/openbsd-x64/-/openbsd-x64-0.25.3.tgz",
      "integrity": "sha512-fpqctI45NnCIDKBH5AXQBsD0NDPbEFczK98hk/aa6HJxbl+UtLkJV2+Bvy5hLSLk3LHmqt0NTkKNso1A9y1a4w==",
      "cpu": [
        "x64"
      ],
      "dev": true,
      "license": "MIT",
      "optional": true,
      "os": [
        "openbsd"
      ],
      "engines": {
        "node": ">=18"
      }
    },
    "node_modules/@esbuild/sunos-x64": {
      "version": "0.25.3",
      "resolved": "https://registry.npmjs.org/@esbuild/sunos-x64/-/sunos-x64-0.25.3.tgz",
      "integrity": "sha512-ROJhm7d8bk9dMCUZjkS8fgzsPAZEjtRJqCAmVgB0gMrvG7hfmPmz9k1rwO4jSiblFjYmNvbECL9uhaPzONMfgA==",
      "cpu": [
        "x64"
      ],
      "dev": true,
      "license": "MIT",
      "optional": true,
      "os": [
        "sunos"
      ],
      "engines": {
        "node": ">=18"
      }
    },
    "node_modules/@esbuild/win32-arm64": {
      "version": "0.25.3",
      "resolved": "https://registry.npmjs.org/@esbuild/win32-arm64/-/win32-arm64-0.25.3.tgz",
      "integrity": "sha512-YWcow8peiHpNBiIXHwaswPnAXLsLVygFwCB3A7Bh5jRkIBFWHGmNQ48AlX4xDvQNoMZlPYzjVOQDYEzWCqufMQ==",
      "cpu": [
        "arm64"
      ],
      "dev": true,
      "license": "MIT",
      "optional": true,
      "os": [
        "win32"
      ],
      "engines": {
        "node": ">=18"
      }
    },
    "node_modules/@esbuild/win32-ia32": {
      "version": "0.25.3",
      "resolved": "https://registry.npmjs.org/@esbuild/win32-ia32/-/win32-ia32-0.25.3.tgz",
      "integrity": "sha512-qspTZOIGoXVS4DpNqUYUs9UxVb04khS1Degaw/MnfMe7goQ3lTfQ13Vw4qY/Nj0979BGvMRpAYbs/BAxEvU8ew==",
      "cpu": [
        "ia32"
      ],
      "dev": true,
      "license": "MIT",
      "optional": true,
      "os": [
        "win32"
      ],
      "engines": {
        "node": ">=18"
      }
    },
    "node_modules/@esbuild/win32-x64": {
      "version": "0.25.3",
      "resolved": "https://registry.npmjs.org/@esbuild/win32-x64/-/win32-x64-0.25.3.tgz",
      "integrity": "sha512-ICgUR+kPimx0vvRzf+N/7L7tVSQeE3BYY+NhHRHXS1kBuPO7z2+7ea2HbhDyZdTephgvNvKrlDDKUexuCVBVvg==",
      "cpu": [
        "x64"
      ],
      "dev": true,
      "license": "MIT",
      "optional": true,
      "os": [
        "win32"
      ],
      "engines": {
        "node": ">=18"
      }
    },
    "node_modules/@prisma/client": {
      "version": "6.6.0",
      "resolved": "https://registry.npmjs.org/@prisma/client/-/client-6.6.0.tgz",
      "integrity": "sha512-vfp73YT/BHsWWOAuthKQ/1lBgESSqYqAWZEYyTdGXyFAHpmewwWL2Iz6ErIzkj4aHbuc6/cGSsE6ZY+pBO04Cg==",
      "hasInstallScript": true,
      "license": "Apache-2.0",
      "engines": {
        "node": ">=18.18"
      },
      "peerDependencies": {
        "prisma": "*",
        "typescript": ">=5.1.0"
      },
      "peerDependenciesMeta": {
        "prisma": {
          "optional": true
        },
        "typescript": {
          "optional": true
        }
      }
    },
    "node_modules/@prisma/config": {
      "version": "6.6.0",
      "resolved": "https://registry.npmjs.org/@prisma/config/-/config-6.6.0.tgz",
      "integrity": "sha512-d8FlXRHsx72RbN8nA2QCRORNv5AcUnPXgtPvwhXmYkQSMF/j9cKaJg+9VcUzBRXGy9QBckNzEQDEJZdEOZ+ubA==",
      "devOptional": true,
      "license": "Apache-2.0",
      "dependencies": {
        "esbuild": ">=0.12 <1",
        "esbuild-register": "3.6.0"
      }
    },
    "node_modules/@prisma/debug": {
      "version": "6.6.0",
      "resolved": "https://registry.npmjs.org/@prisma/debug/-/debug-6.6.0.tgz",
      "integrity": "sha512-DL6n4IKlW5k2LEXzpN60SQ1kP/F6fqaCgU/McgaYsxSf43GZ8lwtmXLke9efS+L1uGmrhtBUP4npV/QKF8s2ZQ==",
      "devOptional": true,
      "license": "Apache-2.0"
    },
    "node_modules/@prisma/engines": {
      "version": "6.6.0",
      "resolved": "https://registry.npmjs.org/@prisma/engines/-/engines-6.6.0.tgz",
      "integrity": "sha512-nC0IV4NHh7500cozD1fBoTwTD1ydJERndreIjpZr/S3mno3P6tm8qnXmIND5SwUkibNeSJMpgl4gAnlqJ/gVlg==",
      "devOptional": true,
      "hasInstallScript": true,
      "license": "Apache-2.0",
      "dependencies": {
        "@prisma/debug": "6.6.0",
        "@prisma/engines-version": "6.6.0-53.f676762280b54cd07c770017ed3711ddde35f37a",
        "@prisma/fetch-engine": "6.6.0",
        "@prisma/get-platform": "6.6.0"
      }
    },
    "node_modules/@prisma/engines-version": {
      "version": "6.6.0-53.f676762280b54cd07c770017ed3711ddde35f37a",
      "resolved": "https://registry.npmjs.org/@prisma/engines-version/-/engines-version-6.6.0-53.f676762280b54cd07c770017ed3711ddde35f37a.tgz",
      "integrity": "sha512-JzRaQ5Em1fuEcbR3nUsMNYaIYrOT1iMheenjCvzZblJcjv/3JIuxXN7RCNT5i6lRkLodW5ojCGhR7n5yvnNKrw==",
      "devOptional": true,
      "license": "Apache-2.0"
    },
    "node_modules/@prisma/fetch-engine": {
      "version": "6.6.0",
      "resolved": "https://registry.npmjs.org/@prisma/fetch-engine/-/fetch-engine-6.6.0.tgz",
      "integrity": "sha512-Ohfo8gKp05LFLZaBlPUApM0M7k43a0jmo86YY35u1/4t+vuQH9mRGU7jGwVzGFY3v+9edeb/cowb1oG4buM1yw==",
      "devOptional": true,
      "license": "Apache-2.0",
      "dependencies": {
        "@prisma/debug": "6.6.0",
        "@prisma/engines-version": "6.6.0-53.f676762280b54cd07c770017ed3711ddde35f37a",
        "@prisma/get-platform": "6.6.0"
      }
    },
    "node_modules/@prisma/get-platform": {
      "version": "6.6.0",
      "resolved": "https://registry.npmjs.org/@prisma/get-platform/-/get-platform-6.6.0.tgz",
      "integrity": "sha512-3qCwmnT4Jh5WCGUrkWcc6VZaw0JY7eWN175/pcb5Z6FiLZZ3ygY93UX0WuV41bG51a6JN/oBH0uywJ90Y+V5eA==",
      "devOptional": true,
      "license": "Apache-2.0",
      "dependencies": {
        "@prisma/debug": "6.6.0"
      }
    },
    "node_modules/@solana/accounts": {
      "version": "2.1.0",
      "resolved": "https://registry.npmjs.org/@solana/accounts/-/accounts-2.1.0.tgz",
      "integrity": "sha512-1JOBiLFeIeHmGx7k1b23UWF9vM1HAh9GBMCzr5rBPrGSBs+QUgxBJ3+yrRg+UPEOSELubqo7qoOVFUKYsb1nXw==",
      "license": "MIT",
      "dependencies": {
        "@solana/addresses": "2.1.0",
        "@solana/codecs-core": "2.1.0",
        "@solana/codecs-strings": "2.1.0",
        "@solana/errors": "2.1.0",
        "@solana/rpc-spec": "2.1.0",
        "@solana/rpc-types": "2.1.0"
      },
      "engines": {
        "node": ">=20.18.0"
      },
      "peerDependencies": {
        "typescript": ">=5"
      }
    },
    "node_modules/@solana/addresses": {
      "version": "2.1.0",
      "resolved": "https://registry.npmjs.org/@solana/addresses/-/addresses-2.1.0.tgz",
      "integrity": "sha512-IgiRuju2yLz14GnrysOPSNZbZQ8F+7jhx7FYZLrbKogf6NX4wy4ijLHxRsLFqP8o8aY69BZULkM9MwrSjsZi7A==",
      "license": "MIT",
      "dependencies": {
        "@solana/assertions": "2.1.0",
        "@solana/codecs-core": "2.1.0",
        "@solana/codecs-strings": "2.1.0",
        "@solana/errors": "2.1.0"
      },
      "engines": {
        "node": ">=20.18.0"
      },
      "peerDependencies": {
        "typescript": ">=5"
      }
    },
    "node_modules/@solana/assertions": {
      "version": "2.1.0",
      "resolved": "https://registry.npmjs.org/@solana/assertions/-/assertions-2.1.0.tgz",
      "integrity": "sha512-KCYmxFRsg897Ec7yGdpc0rniOlqGD3NpicmIjWIV87uiXX5uFco4t+01sKyFlhsv4T4OgHxngMsxkfQ3AUkFVg==",
      "license": "MIT",
      "dependencies": {
        "@solana/errors": "2.1.0"
      },
      "engines": {
        "node": ">=20.18.0"
      },
      "peerDependencies": {
        "typescript": ">=5"
      }
    },
    "node_modules/@solana/codecs": {
      "version": "2.1.0",
      "resolved": "https://registry.npmjs.org/@solana/codecs/-/codecs-2.1.0.tgz",
      "integrity": "sha512-C0TnfrpbTg7zoIFYfM65ofeL2AWEz80OsD6mjVdcTKpb1Uj7XuBuNLss3dMnatPQaL7RagD9VLA5/WfYayyteQ==",
      "license": "MIT",
      "dependencies": {
        "@solana/codecs-core": "2.1.0",
        "@solana/codecs-data-structures": "2.1.0",
        "@solana/codecs-numbers": "2.1.0",
        "@solana/codecs-strings": "2.1.0",
        "@solana/options": "2.1.0"
      },
      "engines": {
        "node": ">=20.18.0"
      },
      "peerDependencies": {
        "typescript": ">=5"
      }
    },
    "node_modules/@solana/codecs-core": {
      "version": "2.1.0",
      "resolved": "https://registry.npmjs.org/@solana/codecs-core/-/codecs-core-2.1.0.tgz",
      "integrity": "sha512-SR7pKtmJBg2mhmkel2NeHA1pz06QeQXdMv8WJoIR9m8F/hw80K/612uaYbwTt2nkK0jg/Qn/rNSd7EcJ4SBGjw==",
      "license": "MIT",
      "dependencies": {
        "@solana/errors": "2.1.0"
      },
      "engines": {
        "node": ">=20.18.0"
      },
      "peerDependencies": {
        "typescript": ">=5"
      }
    },
    "node_modules/@solana/codecs-data-structures": {
      "version": "2.1.0",
      "resolved": "https://registry.npmjs.org/@solana/codecs-data-structures/-/codecs-data-structures-2.1.0.tgz",
      "integrity": "sha512-oDF5ek54kirqJ09q8k/qEpobBiWOhd3CkkGOTyfjsmTF/IGIigNbdYIakxV3+vudBeaNBw08y0XdBYI4JL/nqA==",
      "license": "MIT",
      "dependencies": {
        "@solana/codecs-core": "2.1.0",
        "@solana/codecs-numbers": "2.1.0",
        "@solana/errors": "2.1.0"
      },
      "engines": {
        "node": ">=20.18.0"
      },
      "peerDependencies": {
        "typescript": ">=5"
      }
    },
    "node_modules/@solana/codecs-numbers": {
      "version": "2.1.0",
      "resolved": "https://registry.npmjs.org/@solana/codecs-numbers/-/codecs-numbers-2.1.0.tgz",
      "integrity": "sha512-XMu4yw5iCgQnMKsxSWPPOrGgtaohmupN3eyAtYv3K3C/MJEc5V90h74k5B1GUCiHvcrdUDO9RclNjD9lgbjFag==",
      "license": "MIT",
      "dependencies": {
        "@solana/codecs-core": "2.1.0",
        "@solana/errors": "2.1.0"
      },
      "engines": {
        "node": ">=20.18.0"
      },
      "peerDependencies": {
        "typescript": ">=5"
      }
    },
    "node_modules/@solana/codecs-strings": {
      "version": "2.1.0",
      "resolved": "https://registry.npmjs.org/@solana/codecs-strings/-/codecs-strings-2.1.0.tgz",
      "integrity": "sha512-O/eJFLzFrHomcCR1Y5QbIqoPo7iaJaWNnIeskB4mVhVjLyjlJS4WtBP2NBRzM9uJXaXyOxxKroqqO9zFsHOpvQ==",
      "license": "MIT",
      "dependencies": {
        "@solana/codecs-core": "2.1.0",
        "@solana/codecs-numbers": "2.1.0",
        "@solana/errors": "2.1.0"
      },
      "engines": {
        "node": ">=20.18.0"
      },
      "peerDependencies": {
        "fastestsmallesttextencoderdecoder": "^1.0.22",
        "typescript": ">=5"
      }
    },
    "node_modules/@solana/errors": {
      "version": "2.1.0",
      "resolved": "https://registry.npmjs.org/@solana/errors/-/errors-2.1.0.tgz",
      "integrity": "sha512-l+GxAv0Ar4d3c3PlZdA9G++wFYZREEbbRyAFP8+n8HSg0vudCuzogh/13io6hYuUhG/9Ve8ARZNamhV7UScKNw==",
      "license": "MIT",
      "dependencies": {
        "chalk": "^5.3.0",
        "commander": "^13.1.0"
      },
      "bin": {
        "errors": "bin/cli.mjs"
      },
      "engines": {
        "node": ">=20.18.0"
      },
      "peerDependencies": {
        "typescript": ">=5"
      }
    },
    "node_modules/@solana/fast-stable-stringify": {
      "version": "2.1.0",
      "resolved": "https://registry.npmjs.org/@solana/fast-stable-stringify/-/fast-stable-stringify-2.1.0.tgz",
      "integrity": "sha512-a8vR92qbe/VsvQ1BpN3PIEwnoHD2fTHEwCJh9GG58z3R15RIjk73gc0khjcdg4U1tZwTJqWkvk8SbDIgGdOgMA==",
      "license": "MIT",
      "engines": {
        "node": ">=20.18.0"
      },
      "peerDependencies": {
        "typescript": ">=5"
      }
    },
    "node_modules/@solana/functional": {
      "version": "2.1.0",
      "resolved": "https://registry.npmjs.org/@solana/functional/-/functional-2.1.0.tgz",
      "integrity": "sha512-RVij8Av4F2uUOFcEC8n9lgD72e9gQMritmGHhMh+G91Xops4I6Few+oQ++XgSTiL2t3g3Cs0QZ13onZ0FL45FQ==",
      "license": "MIT",
      "engines": {
        "node": ">=20.18.0"
      },
      "peerDependencies": {
        "typescript": ">=5"
      }
    },
    "node_modules/@solana/instructions": {
      "version": "2.1.0",
      "resolved": "https://registry.npmjs.org/@solana/instructions/-/instructions-2.1.0.tgz",
      "integrity": "sha512-wfn6e7Rgm0Sw/Th1v/pXsKTvloZvAAQI7j1yc9WcIk9ngqH5p6LhqMMkrwYPB2oTk8+MMr7SZ4E+2eK2gL6ODA==",
      "license": "MIT",
      "dependencies": {
        "@solana/codecs-core": "2.1.0",
        "@solana/errors": "2.1.0"
      },
      "engines": {
        "node": ">=20.18.0"
      },
      "peerDependencies": {
        "typescript": ">=5"
      }
    },
    "node_modules/@solana/keys": {
      "version": "2.1.0",
      "resolved": "https://registry.npmjs.org/@solana/keys/-/keys-2.1.0.tgz",
      "integrity": "sha512-esY1+dlZjB18hZML5p+YPec29wi3HH0SzKx7RiqF//dI2cJ6vHfq3F+7ArbNnF6R2YCLFtl7DzS/tkqR2Xkxeg==",
      "license": "MIT",
      "dependencies": {
        "@solana/assertions": "2.1.0",
        "@solana/codecs-core": "2.1.0",
        "@solana/codecs-strings": "2.1.0",
        "@solana/errors": "2.1.0"
      },
      "engines": {
        "node": ">=20.18.0"
      },
      "peerDependencies": {
        "typescript": ">=5"
      }
    },
    "node_modules/@solana/kit": {
      "version": "2.1.0",
      "resolved": "https://registry.npmjs.org/@solana/kit/-/kit-2.1.0.tgz",
      "integrity": "sha512-vqaHROLKp89xdIbaKVG6BQ44uMN9E6/rSTeltkvquD2qdTObssafGDbAKVFjwZhlNO+sdzHDCLekGabn5VAL6A==",
      "license": "MIT",
      "dependencies": {
        "@solana/accounts": "2.1.0",
        "@solana/addresses": "2.1.0",
        "@solana/codecs": "2.1.0",
        "@solana/errors": "2.1.0",
        "@solana/functional": "2.1.0",
        "@solana/instructions": "2.1.0",
        "@solana/keys": "2.1.0",
        "@solana/programs": "2.1.0",
        "@solana/rpc": "2.1.0",
        "@solana/rpc-parsed-types": "2.1.0",
        "@solana/rpc-spec-types": "2.1.0",
        "@solana/rpc-subscriptions": "2.1.0",
        "@solana/rpc-types": "2.1.0",
        "@solana/signers": "2.1.0",
        "@solana/sysvars": "2.1.0",
        "@solana/transaction-confirmation": "2.1.0",
        "@solana/transaction-messages": "2.1.0",
        "@solana/transactions": "2.1.0"
      },
      "engines": {
        "node": ">=20.18.0"
      },
      "peerDependencies": {
        "typescript": ">=5"
      }
    },
    "node_modules/@solana/options": {
      "version": "2.1.0",
      "resolved": "https://registry.npmjs.org/@solana/options/-/options-2.1.0.tgz",
      "integrity": "sha512-T/vJCr8qnwK6HxriOPXCrx31IpA9ZYecxuOzQ3G74kIayED4spmpXp6PLtRYR/fo2LZ6UcgHN0qSgONnvwEweg==",
      "license": "MIT",
      "dependencies": {
        "@solana/codecs-core": "2.1.0",
        "@solana/codecs-data-structures": "2.1.0",
        "@solana/codecs-numbers": "2.1.0",
        "@solana/codecs-strings": "2.1.0",
        "@solana/errors": "2.1.0"
      },
      "engines": {
        "node": ">=20.18.0"
      },
      "peerDependencies": {
        "typescript": ">=5"
      }
    },
    "node_modules/@solana/programs": {
      "version": "2.1.0",
      "resolved": "https://registry.npmjs.org/@solana/programs/-/programs-2.1.0.tgz",
      "integrity": "sha512-9Y30/yUbTR99+QRN2ukNXQQTGY68oKmVrXnh/et6StM1JF5WHvAJqBigsHG5bt6KxTISoRuncBnH/IRnDqPxKg==",
      "license": "MIT",
      "dependencies": {
        "@solana/addresses": "2.1.0",
        "@solana/errors": "2.1.0"
      },
      "engines": {
        "node": ">=20.18.0"
      },
      "peerDependencies": {
        "typescript": ">=5"
      }
    },
    "node_modules/@solana/promises": {
      "version": "2.1.0",
      "resolved": "https://registry.npmjs.org/@solana/promises/-/promises-2.1.0.tgz",
      "integrity": "sha512-eQJaQXA2kD4dVyifzhslV3wOvq27fwOJ4az89BQ4Cz83zPbR94xOeDShwcXrKBYqaUf6XqH5MzdEo14t4tKAFQ==",
      "license": "MIT",
      "engines": {
        "node": ">=20.18.0"
      },
      "peerDependencies": {
        "typescript": ">=5"
      }
    },
    "node_modules/@solana/rpc": {
      "version": "2.1.0",
      "resolved": "https://registry.npmjs.org/@solana/rpc/-/rpc-2.1.0.tgz",
      "integrity": "sha512-myg9qAo6b2WKyHSMXURQykb+ZRnNEXBPLEcwRwkos8STzPPyRFg6ady2s0FCQQTtL/pVjanIU2bObZIzbMGugA==",
      "license": "MIT",
      "dependencies": {
        "@solana/errors": "2.1.0",
        "@solana/fast-stable-stringify": "2.1.0",
        "@solana/functional": "2.1.0",
        "@solana/rpc-api": "2.1.0",
        "@solana/rpc-spec": "2.1.0",
        "@solana/rpc-spec-types": "2.1.0",
        "@solana/rpc-transformers": "2.1.0",
        "@solana/rpc-transport-http": "2.1.0",
        "@solana/rpc-types": "2.1.0"
      },
      "engines": {
        "node": ">=20.18.0"
      },
      "peerDependencies": {
        "typescript": ">=5"
      }
    },
    "node_modules/@solana/rpc-api": {
      "version": "2.1.0",
      "resolved": "https://registry.npmjs.org/@solana/rpc-api/-/rpc-api-2.1.0.tgz",
      "integrity": "sha512-4yCnHYHFlz9VffivoY5q/HVeBjT59byB2gmg7UyC3ktxD28AlF9jjsE5tJKiapAKr2J3KWm0D/rH/QwW14cGeA==",
      "license": "MIT",
      "dependencies": {
        "@solana/addresses": "2.1.0",
        "@solana/codecs-core": "2.1.0",
        "@solana/codecs-strings": "2.1.0",
        "@solana/errors": "2.1.0",
        "@solana/keys": "2.1.0",
        "@solana/rpc-parsed-types": "2.1.0",
        "@solana/rpc-spec": "2.1.0",
        "@solana/rpc-transformers": "2.1.0",
        "@solana/rpc-types": "2.1.0",
        "@solana/transaction-messages": "2.1.0",
        "@solana/transactions": "2.1.0"
      },
      "engines": {
        "node": ">=20.18.0"
      },
      "peerDependencies": {
        "typescript": ">=5"
      }
    },
    "node_modules/@solana/rpc-parsed-types": {
      "version": "2.1.0",
      "resolved": "https://registry.npmjs.org/@solana/rpc-parsed-types/-/rpc-parsed-types-2.1.0.tgz",
      "integrity": "sha512-mRzHemxlWDS9p1fPQNKwL+1vEOUMG8peSUJb0X/NbM12yjowDNdzM++fkOgIyCKDPddfkcoNmNrQmr2jwjdN1Q==",
      "license": "MIT",
      "engines": {
        "node": ">=20.18.0"
      },
      "peerDependencies": {
        "typescript": ">=5"
      }
    },
    "node_modules/@solana/rpc-spec": {
      "version": "2.1.0",
      "resolved": "https://registry.npmjs.org/@solana/rpc-spec/-/rpc-spec-2.1.0.tgz",
      "integrity": "sha512-NPAIM5EY7Jke0mHnmoMpgCEb/nZKIo+bgVFK/u+z74gY0JnCNt0DfocStUUQtlhqSmTyoHamt3lfxp4GT2zXbA==",
      "license": "MIT",
      "dependencies": {
        "@solana/errors": "2.1.0",
        "@solana/rpc-spec-types": "2.1.0"
      },
      "engines": {
        "node": ">=20.18.0"
      },
      "peerDependencies": {
        "typescript": ">=5"
      }
    },
    "node_modules/@solana/rpc-spec-types": {
      "version": "2.1.0",
      "resolved": "https://registry.npmjs.org/@solana/rpc-spec-types/-/rpc-spec-types-2.1.0.tgz",
      "integrity": "sha512-NxcZ8piXMyCdbNUL6d36QJfL2UAQEN33StlGku0ltTVe1nrokZ5WRNjSPohU1fODlNaZzTvUFzvUkM1yGCkyzw==",
      "license": "MIT",
      "engines": {
        "node": ">=20.18.0"
      },
      "peerDependencies": {
        "typescript": ">=5"
      }
    },
    "node_modules/@solana/rpc-subscriptions": {
      "version": "2.1.0",
      "resolved": "https://registry.npmjs.org/@solana/rpc-subscriptions/-/rpc-subscriptions-2.1.0.tgz",
      "integrity": "sha512-dTyI03VlueE3s7mA/OBlA5l6yKUUKHMJd31tpzxV3AFnqE/QPS5NVrF/WY6pPBobLJiCP0UFOe7eR/MKP9SUCA==",
      "license": "MIT",
      "dependencies": {
        "@solana/errors": "2.1.0",
        "@solana/fast-stable-stringify": "2.1.0",
        "@solana/functional": "2.1.0",
        "@solana/promises": "2.1.0",
        "@solana/rpc-spec-types": "2.1.0",
        "@solana/rpc-subscriptions-api": "2.1.0",
        "@solana/rpc-subscriptions-channel-websocket": "2.1.0",
        "@solana/rpc-subscriptions-spec": "2.1.0",
        "@solana/rpc-transformers": "2.1.0",
        "@solana/rpc-types": "2.1.0",
        "@solana/subscribable": "2.1.0"
      },
      "engines": {
        "node": ">=20.18.0"
      },
      "peerDependencies": {
        "typescript": ">=5"
      }
    },
    "node_modules/@solana/rpc-subscriptions-api": {
      "version": "2.1.0",
      "resolved": "https://registry.npmjs.org/@solana/rpc-subscriptions-api/-/rpc-subscriptions-api-2.1.0.tgz",
      "integrity": "sha512-de1dBRSE2CUwoZHMXQ/0v7iC+/pG0+iYY8jLHGGNxtKrYbTnV08mXQbaAMrmv2Rk8ZFmfJWbqbYZ9dRWdO3P5g==",
      "license": "MIT",
      "dependencies": {
        "@solana/addresses": "2.1.0",
        "@solana/keys": "2.1.0",
        "@solana/rpc-subscriptions-spec": "2.1.0",
        "@solana/rpc-transformers": "2.1.0",
        "@solana/rpc-types": "2.1.0",
        "@solana/transaction-messages": "2.1.0",
        "@solana/transactions": "2.1.0"
      },
      "engines": {
        "node": ">=20.18.0"
      },
      "peerDependencies": {
        "typescript": ">=5"
      }
    },
    "node_modules/@solana/rpc-subscriptions-channel-websocket": {
      "version": "2.1.0",
      "resolved": "https://registry.npmjs.org/@solana/rpc-subscriptions-channel-websocket/-/rpc-subscriptions-channel-websocket-2.1.0.tgz",
      "integrity": "sha512-goJe9dv0cs967HJ382vSX8yapXgQzRHCmH323LsXrrpj/s3Eb3yUwJq7AcHgoh4gKIqyAfGybq/bE5Aa8Pcm9g==",
      "license": "MIT",
      "dependencies": {
        "@solana/errors": "2.1.0",
        "@solana/functional": "2.1.0",
        "@solana/rpc-subscriptions-spec": "2.1.0",
        "@solana/subscribable": "2.1.0"
      },
      "engines": {
        "node": ">=20.18.0"
      },
      "peerDependencies": {
        "typescript": ">=5",
        "ws": "^8.18.0"
      }
    },
    "node_modules/@solana/rpc-subscriptions-spec": {
      "version": "2.1.0",
      "resolved": "https://registry.npmjs.org/@solana/rpc-subscriptions-spec/-/rpc-subscriptions-spec-2.1.0.tgz",
      "integrity": "sha512-Uqasfd3Tlr22lC/Vy5dToF0e68dMKPdnt4ks7FwXuPdEbNRM/TDGb0GqG+bt/d3IIrNOCA5Y8vsE0nQHGrWG/w==",
      "license": "MIT",
      "dependencies": {
        "@solana/errors": "2.1.0",
        "@solana/promises": "2.1.0",
        "@solana/rpc-spec-types": "2.1.0",
        "@solana/subscribable": "2.1.0"
      },
      "engines": {
        "node": ">=20.18.0"
      },
      "peerDependencies": {
        "typescript": ">=5"
      }
    },
    "node_modules/@solana/rpc-transformers": {
      "version": "2.1.0",
      "resolved": "https://registry.npmjs.org/@solana/rpc-transformers/-/rpc-transformers-2.1.0.tgz",
      "integrity": "sha512-E2xPlaCu6tNO00v4HIJxJCYkoNwgVJYad5sxbIUZOQBWwXnWIcll2jUT4bWKpBGq5vFDYfkzRBr8Rco3DhfXqg==",
      "license": "MIT",
      "dependencies": {
        "@solana/errors": "2.1.0",
        "@solana/functional": "2.1.0",
        "@solana/rpc-spec-types": "2.1.0",
        "@solana/rpc-types": "2.1.0"
      },
      "engines": {
        "node": ">=20.18.0"
      },
      "peerDependencies": {
        "typescript": ">=5"
      }
    },
    "node_modules/@solana/rpc-transport-http": {
      "version": "2.1.0",
      "resolved": "https://registry.npmjs.org/@solana/rpc-transport-http/-/rpc-transport-http-2.1.0.tgz",
      "integrity": "sha512-E3UovTBid4/S8QDd9FkADVKfyG+v7CW5IqI4c27ZDKfazCsnDLLkqh98C6BvNCqi278HKBui4lI2GoFpCq89Pw==",
      "license": "MIT",
      "dependencies": {
        "@solana/errors": "2.1.0",
        "@solana/rpc-spec": "2.1.0",
        "@solana/rpc-spec-types": "2.1.0",
        "undici-types": "^7.3.0"
      },
      "engines": {
        "node": ">=20.18.0"
      },
      "peerDependencies": {
        "typescript": ">=5"
      }
    },
    "node_modules/@solana/rpc-transport-http/node_modules/undici-types": {
      "version": "7.8.0",
      "resolved": "https://registry.npmjs.org/undici-types/-/undici-types-7.8.0.tgz",
      "integrity": "sha512-9UJ2xGDvQ43tYyVMpuHlsgApydB8ZKfVYTsLDhXkFL/6gfkp+U8xTGdh8pMJv1SpZna0zxG1DwsKZsreLbXBxw==",
      "license": "MIT"
    },
    "node_modules/@solana/rpc-types": {
      "version": "2.1.0",
      "resolved": "https://registry.npmjs.org/@solana/rpc-types/-/rpc-types-2.1.0.tgz",
      "integrity": "sha512-1ODnhmpR1X/GjB7hs4gVR3mcCagfPQV0dzq/2DNuCiMjx2snn64KP5WoAHfBEyoC9/Rb36+JpNj/hLAOikipKA==",
      "license": "MIT",
      "dependencies": {
        "@solana/addresses": "2.1.0",
        "@solana/codecs-core": "2.1.0",
        "@solana/codecs-numbers": "2.1.0",
        "@solana/codecs-strings": "2.1.0",
        "@solana/errors": "2.1.0"
      },
      "engines": {
        "node": ">=20.18.0"
      },
      "peerDependencies": {
        "typescript": ">=5"
      }
    },
    "node_modules/@solana/signers": {
      "version": "2.1.0",
      "resolved": "https://registry.npmjs.org/@solana/signers/-/signers-2.1.0.tgz",
      "integrity": "sha512-Yq0JdJnCecRsSBshNWy+OIRmAGeVfjwIh9Z+H1jv8u8p+dJCOreKakTWuxMt5tnj3q5K1mPcak9O2PqVPZ0teA==",
      "license": "MIT",
      "dependencies": {
        "@solana/addresses": "2.1.0",
        "@solana/codecs-core": "2.1.0",
        "@solana/errors": "2.1.0",
        "@solana/instructions": "2.1.0",
        "@solana/keys": "2.1.0",
        "@solana/transaction-messages": "2.1.0",
        "@solana/transactions": "2.1.0"
      },
      "engines": {
        "node": ">=20.18.0"
      },
      "peerDependencies": {
        "typescript": ">=5"
      }
    },
    "node_modules/@solana/subscribable": {
      "version": "2.1.0",
      "resolved": "https://registry.npmjs.org/@solana/subscribable/-/subscribable-2.1.0.tgz",
      "integrity": "sha512-xi12Cm889+uT5sRKnIzr7nLnHAp3hiR3dqIzrT1P7z7iEGp8OnqUQIQCHlgozFHM2cPW+6685NQXk1l1ImuJIw==",
      "license": "MIT",
      "dependencies": {
        "@solana/errors": "2.1.0"
      },
      "engines": {
        "node": ">=20.18.0"
      },
      "peerDependencies": {
        "typescript": ">=5"
      }
    },
    "node_modules/@solana/sysvars": {
      "version": "2.1.0",
      "resolved": "https://registry.npmjs.org/@solana/sysvars/-/sysvars-2.1.0.tgz",
      "integrity": "sha512-GXu9yS0zIebmM1Unqw/XFpYuvug03m42w98ioOPV/yiHzECggGRGpHGD9RLVYnkyz0eL4NRbnJ5dAEu/fvGe0A==",
      "license": "MIT",
      "dependencies": {
        "@solana/accounts": "2.1.0",
        "@solana/codecs": "2.1.0",
        "@solana/errors": "2.1.0",
        "@solana/rpc-types": "2.1.0"
      },
      "engines": {
        "node": ">=20.18.0"
      },
      "peerDependencies": {
        "typescript": ">=5"
      }
    },
    "node_modules/@solana/transaction-confirmation": {
      "version": "2.1.0",
      "resolved": "https://registry.npmjs.org/@solana/transaction-confirmation/-/transaction-confirmation-2.1.0.tgz",
      "integrity": "sha512-VxOvtvs2e9h5u73PHyE2TptLAMO5x6dOXlOgvq1Nk6l3rKM2HAsd+KDpN7gjOo8/EgItMMmyEilXygWWRgpSIA==",
      "license": "MIT",
      "dependencies": {
        "@solana/addresses": "2.1.0",
        "@solana/codecs-strings": "2.1.0",
        "@solana/errors": "2.1.0",
        "@solana/keys": "2.1.0",
        "@solana/promises": "2.1.0",
        "@solana/rpc": "2.1.0",
        "@solana/rpc-subscriptions": "2.1.0",
        "@solana/rpc-types": "2.1.0",
        "@solana/transaction-messages": "2.1.0",
        "@solana/transactions": "2.1.0"
      },
      "engines": {
        "node": ">=20.18.0"
      },
      "peerDependencies": {
        "typescript": ">=5"
      }
    },
    "node_modules/@solana/transaction-messages": {
      "version": "2.1.0",
      "resolved": "https://registry.npmjs.org/@solana/transaction-messages/-/transaction-messages-2.1.0.tgz",
      "integrity": "sha512-+GPzZHLYNFbqHKoiL8mYALp7eAXtAbI6zLViZpIM3zUbVNU3q5+FCKGv6jCBnxs+3QCbeapu+W1OyfDa6BUtTQ==",
      "license": "MIT",
      "dependencies": {
        "@solana/addresses": "2.1.0",
        "@solana/codecs-core": "2.1.0",
        "@solana/codecs-data-structures": "2.1.0",
        "@solana/codecs-numbers": "2.1.0",
        "@solana/errors": "2.1.0",
        "@solana/functional": "2.1.0",
        "@solana/instructions": "2.1.0",
        "@solana/rpc-types": "2.1.0"
      },
      "engines": {
        "node": ">=20.18.0"
      },
      "peerDependencies": {
        "typescript": ">=5"
      }
    },
    "node_modules/@solana/transactions": {
      "version": "2.1.0",
      "resolved": "https://registry.npmjs.org/@solana/transactions/-/transactions-2.1.0.tgz",
      "integrity": "sha512-QeM4sCItReeIy5LU7LhGkz7RPfMPTg/Qo8h0LSfhiJiPTOHOhElmh42vkLJmwPl83+MsKtisyPQNK6penM2nAw==",
      "license": "MIT",
      "dependencies": {
        "@solana/addresses": "2.1.0",
        "@solana/codecs-core": "2.1.0",
        "@solana/codecs-data-structures": "2.1.0",
        "@solana/codecs-numbers": "2.1.0",
        "@solana/codecs-strings": "2.1.0",
        "@solana/errors": "2.1.0",
        "@solana/functional": "2.1.0",
        "@solana/instructions": "2.1.0",
        "@solana/keys": "2.1.0",
        "@solana/rpc-types": "2.1.0",
        "@solana/transaction-messages": "2.1.0"
      },
      "engines": {
        "node": ">=20.18.0"
      },
      "peerDependencies": {
        "typescript": ">=5"
      }
    },
    "node_modules/@types/node": {
      "version": "22.15.9",
      "resolved": "https://registry.npmjs.org/@types/node/-/node-22.15.9.tgz",
      "integrity": "sha512-l6QaCgJSJQ0HngL1TjvEY2DlefKggyGeXP1KYvYLBX41ZDPM1FsgDMAr5c+T673NMy7VCptMOzXOuJqf5uB0bA==",
      "license": "MIT",
      "dependencies": {
        "undici-types": "~6.21.0"
      }
    },
    "node_modules/@types/nodemailer": {
      "version": "6.4.17",
      "resolved": "https://registry.npmjs.org/@types/nodemailer/-/nodemailer-6.4.17.tgz",
      "integrity": "sha512-I9CCaIp6DTldEg7vyUTZi8+9Vo0hi1/T8gv3C89yk1rSAAzoKQ8H8ki/jBYJSFoH/BisgLP8tkZMlQ91CIquww==",
      "license": "MIT",
      "dependencies": {
        "@types/node": "*"
      }
    },
    "node_modules/chalk": {
      "version": "5.4.1",
      "resolved": "https://registry.npmjs.org/chalk/-/chalk-5.4.1.tgz",
      "integrity": "sha512-zgVZuo2WcZgfUEmsn6eO3kINexW8RAE4maiQ8QNs8CtpPCSyMiYsULR3HQYkm3w8FIA3SberyMJMSldGsW+U3w==",
      "license": "MIT",
      "engines": {
        "node": "^12.17.0 || ^14.13 || >=16.0.0"
      },
      "funding": {
        "url": "https://github.com/chalk/chalk?sponsor=1"
      }
    },
    "node_modules/commander": {
      "version": "13.1.0",
      "resolved": "https://registry.npmjs.org/commander/-/commander-13.1.0.tgz",
      "integrity": "sha512-/rFeCpNJQbhSZjGVwO9RFV3xPqbnERS8MmIQzCtD/zl6gpJuV/bMLuN92oG3F7d8oDEHHRrujSXNUr8fpjntKw==",
      "license": "MIT",
      "engines": {
        "node": ">=18"
      }
    },
    "node_modules/debug": {
      "version": "4.4.0",
      "resolved": "https://registry.npmjs.org/debug/-/debug-4.4.0.tgz",
      "integrity": "sha512-6WTZ/IxCY/T6BALoZHaE4ctp9xm+Z5kY/pzYaCHRFeyVhojxlrm+46y68HA6hr0TcwEssoxNiDEUJQjfPZ/RYA==",
      "devOptional": true,
      "license": "MIT",
      "dependencies": {
        "ms": "^2.1.3"
      },
      "engines": {
        "node": ">=6.0"
      },
      "peerDependenciesMeta": {
        "supports-color": {
          "optional": true
        }
      }
    },
    "node_modules/esbuild": {
      "version": "0.25.3",
      "resolved": "https://registry.npmjs.org/esbuild/-/esbuild-0.25.3.tgz",
      "integrity": "sha512-qKA6Pvai73+M2FtftpNKRxJ78GIjmFXFxd/1DVBqGo/qNhLSfv+G12n9pNoWdytJC8U00TrViOwpjT0zgqQS8Q==",
      "devOptional": true,
      "hasInstallScript": true,
      "license": "MIT",
      "bin": {
        "esbuild": "bin/esbuild"
      },
      "engines": {
        "node": ">=18"
      },
      "optionalDependencies": {
        "@esbuild/aix-ppc64": "0.25.3",
        "@esbuild/android-arm": "0.25.3",
        "@esbuild/android-arm64": "0.25.3",
        "@esbuild/android-x64": "0.25.3",
        "@esbuild/darwin-arm64": "0.25.3",
        "@esbuild/darwin-x64": "0.25.3",
        "@esbuild/freebsd-arm64": "0.25.3",
        "@esbuild/freebsd-x64": "0.25.3",
        "@esbuild/linux-arm": "0.25.3",
        "@esbuild/linux-arm64": "0.25.3",
        "@esbuild/linux-ia32": "0.25.3",
        "@esbuild/linux-loong64": "0.25.3",
        "@esbuild/linux-mips64el": "0.25.3",
        "@esbuild/linux-ppc64": "0.25.3",
        "@esbuild/linux-riscv64": "0.25.3",
        "@esbuild/linux-s390x": "0.25.3",
        "@esbuild/linux-x64": "0.25.3",
        "@esbuild/netbsd-arm64": "0.25.3",
        "@esbuild/netbsd-x64": "0.25.3",
        "@esbuild/openbsd-arm64": "0.25.3",
        "@esbuild/openbsd-x64": "0.25.3",
        "@esbuild/sunos-x64": "0.25.3",
        "@esbuild/win32-arm64": "0.25.3",
        "@esbuild/win32-ia32": "0.25.3",
        "@esbuild/win32-x64": "0.25.3"
      }
    },
    "node_modules/esbuild-register": {
      "version": "3.6.0",
      "resolved": "https://registry.npmjs.org/esbuild-register/-/esbuild-register-3.6.0.tgz",
      "integrity": "sha512-H2/S7Pm8a9CL1uhp9OvjwrBh5Pvx0H8qVOxNu8Wed9Y7qv56MPtq+GGM8RJpq6glYJn9Wspr8uw7l55uyinNeg==",
      "devOptional": true,
      "license": "MIT",
      "dependencies": {
        "debug": "^4.3.4"
      },
      "peerDependencies": {
        "esbuild": ">=0.12 <1"
      }
    },
    "node_modules/fastestsmallesttextencoderdecoder": {
      "version": "1.0.22",
      "resolved": "https://registry.npmjs.org/fastestsmallesttextencoderdecoder/-/fastestsmallesttextencoderdecoder-1.0.22.tgz",
      "integrity": "sha512-Pb8d48e+oIuY4MaM64Cd7OW1gt4nxCHs7/ddPPZ/Ic3sg8yVGM7O9wDvZ7us6ScaUupzM+pfBolwtYhN1IxBIw==",
      "license": "CC0-1.0",
      "peer": true
    },
    "node_modules/fsevents": {
      "version": "2.3.3",
      "resolved": "https://registry.npmjs.org/fsevents/-/fsevents-2.3.3.tgz",
      "integrity": "sha512-5xoDfX+fL7faATnagmWPpbFtwh/R77WmMMqqHGS65C3vvB0YHrgF+B1YmZ3441tMj5n63k0212XNoJwzlhffQw==",
      "dev": true,
      "hasInstallScript": true,
      "license": "MIT",
      "optional": true,
      "os": [
        "darwin"
      ],
      "engines": {
        "node": "^8.16.0 || ^10.6.0 || >=11.0.0"
      }
    },
    "node_modules/kafkajs": {
      "version": "2.2.4",
      "resolved": "https://registry.npmjs.org/kafkajs/-/kafkajs-2.2.4.tgz",
      "integrity": "sha512-j/YeapB1vfPT2iOIUn/vxdyKEuhuY2PxMBvf5JWux6iSaukAccrMtXEY/Lb7OvavDhOWME589bpLrEdnVHjfjA==",
      "license": "MIT",
      "engines": {
        "node": ">=14.0.0"
      }
    },
    "node_modules/ms": {
      "version": "2.1.3",
      "resolved": "https://registry.npmjs.org/ms/-/ms-2.1.3.tgz",
      "integrity": "sha512-6FlzubTLZG3J2a/NVCAleEhjzq5oxgHyaCU9yYXvcLsvoVaHJq/s5xXI6/XXP6tz7R9xAOtHnSO/tXtF3WRTlA==",
      "devOptional": true,
      "license": "MIT"
    },
    "node_modules/nodemailer": {
      "version": "7.0.2",
      "resolved": "https://registry.npmjs.org/nodemailer/-/nodemailer-7.0.2.tgz",
      "integrity": "sha512-SYsisPeLFYli5Q+BCGSyHT5CVvezPmQjHgINV9KVvVLV1aktuoD4E0Np9Q3ND9I481qIHzUQzVT+Tl/Tw7Ivdg==",
      "license": "MIT-0",
      "engines": {
        "node": ">=6.0.0"
      }
    },
    "node_modules/prisma": {
      "version": "6.6.0",
      "resolved": "https://registry.npmjs.org/prisma/-/prisma-6.6.0.tgz",
      "integrity": "sha512-SYCUykz+1cnl6Ugd8VUvtTQq5+j1Q7C0CtzKPjQ8JyA2ALh0EEJkMCS+KgdnvKW1lrxjtjCyJSHOOT236mENYg==",
      "devOptional": true,
      "hasInstallScript": true,
      "license": "Apache-2.0",
      "dependencies": {
        "@prisma/config": "6.6.0",
        "@prisma/engines": "6.6.0"
      },
      "bin": {
        "prisma": "build/index.js"
      },
      "engines": {
        "node": ">=18.18"
      },
      "optionalDependencies": {
        "fsevents": "2.3.3"
      },
      "peerDependencies": {
        "typescript": ">=5.1.0"
      },
      "peerDependenciesMeta": {
        "typescript": {
          "optional": true
        }
      }
    },
    "node_modules/typescript": {
      "version": "5.8.3",
      "resolved": "https://registry.npmjs.org/typescript/-/typescript-5.8.3.tgz",
      "integrity": "sha512-p1diW6TqL9L07nNxvRMM7hMMw4c5XOo/1ibL4aAIGmSAt9slTE1Xgw5KWuof2uTOvCg9BY7ZRi+GaF+7sfgPeQ==",
      "license": "Apache-2.0",
      "peer": true,
      "bin": {
        "tsc": "bin/tsc",
        "tsserver": "bin/tsserver"
      },
      "engines": {
        "node": ">=14.17"
      }
    },
    "node_modules/undici-types": {
      "version": "6.21.0",
      "resolved": "https://registry.npmjs.org/undici-types/-/undici-types-6.21.0.tgz",
      "integrity": "sha512-iwDZqg0QAGrg9Rav5H4n0M64c3mkR59cJ6wQp+7C4nI0gsmExaedaYLNO44eT4AtBBwjbTiGPMlt2Md0T9H9JQ==",
      "license": "MIT"
    },
    "node_modules/ws": {
      "version": "8.18.2",
      "resolved": "https://registry.npmjs.org/ws/-/ws-8.18.2.tgz",
      "integrity": "sha512-DMricUmwGZUVr++AEAe2uiVM7UoO9MAVZMDu05UQOaUII0lp+zOzLLU4Xqh/JvTqklB1T4uELaaPBKyjE1r4fQ==",
      "license": "MIT",
      "peer": true,
      "engines": {
        "node": ">=10.0.0"
      },
      "peerDependencies": {
        "bufferutil": "^4.0.1",
        "utf-8-validate": ">=5.0.2"
      },
      "peerDependenciesMeta": {
        "bufferutil": {
          "optional": true
        },
        "utf-8-validate": {
          "optional": true
        }
      }
    }
  }
}
